
Microsoft Visual Studio Solution File, Format Version 12.00
# Visual Studio Version 17
VisualStudioVersion = 17.7.34221.43
MinimumVisualStudioVersion = 10.0.40219.1
Project("{FAE04EC0-301F-11D3-BF4B-00C04F79EFBC}") = "LotteryApp", "ArraysApp\LotteryApp.csproj", "{4FEFC878-6145-497E-B5CD-9DF91EE2C34E}"
EndProject
Global
	GlobalSection(SolutionConfigurationPlatforms) = preSolution
		Debug|Any CPU = Debug|Any CPU
		Release|Any CPU = Release|Any CPU
	EndGlobalSection
	GlobalSection(ProjectConfigurationPlatforms) = postSolution
		{4FEFC878-6145-497E-B5CD-9DF91EE2C34E}.Debug|Any CPU.ActiveCfg = Debug|Any CPU
		{4FEFC878-6145-497E-B5CD-9DF91EE2C34E}.Debug|Any CPU.Build.0 = Debug|Any CPU
		{4FEFC878-6145-497E-B5CD-9DF91EE2C34E}.Release|Any CPU.ActiveCfg = Release|Any CPU
		{4FEFC878-6145-497E-B5CD-9DF91EE2C34E}.Release|Any CPU.Build.0 = Release|Any CPU
	EndGlobalSection
	GlobalSection(SolutionProperties) = preSolution
		HideSolutionNode = FALSE
	EndGlobalSection
	GlobalSection(ExtensibilityGlobals) = postSolution
		SolutionGuid = {15CA9451-52A5-4F2A-992D-88EC82913940}
	EndGlobalSection
EndGlobal
